
Microsoft Visual Studio Solution File, Format Version 12.00
# Visual Studio Version 17
VisualStudioVersion = 17.5.33414.496
MinimumVisualStudioVersion = 10.0.40219.1
Project("{FAE04EC0-301F-11D3-BF4B-00C04F79EFBC}") = "LibMaterial.Framework", "LibMaterial.Framework.csproj", "{08BF26F1-E3B6-49B2-9383-3145F7518AAF}"
EndProject
Global
	GlobalSection(SolutionConfigurationPlatforms) = preSolution
		Debug|Any CPU = Debug|Any CPU
		Release|Any CPU = Release|Any CPU
	EndGlobalSection
	GlobalSection(ProjectConfigurationPlatforms) = postSolution
		{08BF26F1-E3B6-49B2-9383-3145F7518AAF}.Debug|Any CPU.ActiveCfg = Debug|Any CPU
		{08BF26F1-E3B6-49B2-9383-3145F7518AAF}.Debug|Any CPU.Build.0 = Debug|Any CPU
		{08BF26F1-E3B6-49B2-9383-3145F7518AAF}.Release|Any CPU.ActiveCfg = Release|Any CPU
		{08BF26F1-E3B6-49B2-9383-3145F7518AAF}.Release|Any CPU.Build.0 = Release|Any CPU
	EndGlobalSection
	GlobalSection(SolutionProperties) = preSolution
		HideSolutionNode = FALSE
	EndGlobalSection
	GlobalSection(ExtensibilityGlobals) = postSolution
		SolutionGuid = {AC17AE25-F491-41ED-9851-752441A835C5}
	EndGlobalSection
EndGlobal
